Microsoft Visual Studio Solution File, Format Version 12.00
# Visual Studio 2013
VisualStudioVersion = 12.0.31101.0
MinimumVisualStudioVersion = 10.0.40219.1
Project("{FAE04EC0-301F-11D3-BF4B-00C04F79EFBC}") = "SampleEditor", "SampleEditor\SampleEditor.csproj", "{5EF1DA37-FA51-4ACC-A63E-C05F7B60B3FA}"
EndProject
Project("{FAE04EC0-301F-11D3-BF4B-00C04F79EFBC}") = "DigitalRune.Windows.TextEditor", "DigitalRune.Windows.TextEditor\DigitalRune.Windows.TextEditor.csproj", "{2D18BE89-D210-49EB-A9DD-2246FBB3DF6D}"
EndProject
Project("{FAE04EC0-301F-11D3-BF4B-00C04F79EFBC}") = "SLDE", "SLDE\SLDE.csproj", "{1418DA6E-3577-4570-928B-4E58CA48C152}"
	ProjectSection(ProjectDependencies) = postProject
		{9BE8F03D-F5AA-4AD4-BC21-2014BC101D93} = {9BE8F03D-F5AA-4AD4-BC21-2014BC101D93}
	EndProjectSection
EndProject
Project("{FAE04EC0-301F-11D3-BF4B-00C04F79EFBC}") = "TestShaderAnalyzer", "TestShaderAnalyzer\TestShaderAnalyzer.csproj", "{3AD3ECAB-3DF5-4CE4-9F8F-801C72E7D0DB}"
EndProject
Project("{2150E333-8FDC-42A3-9474-1A3956D46DE8}") = "Solution Items", "Solution Items", "{5A2524C2-834B-494B-BC16-3353776751A6}"
EndProject
Project("{8BC9CEB8-8B4A-11D0-8D11-00A0C91BC942}") = "d3dNative", "d3dNative\d3dNative.vcxproj", "{9BE8F03D-F5AA-4AD4-BC21-2014BC101D93}"
EndProject
Global
	GlobalSection(SolutionConfigurationPlatforms) = preSolution
		Debug|Any CPU = Debug|Any CPU
		Debug|ARM = Debug|ARM
		Debug|Mixed Platforms = Debug|Mixed Platforms
		Debug|Win32 = Debug|Win32
		Debug|x64 = Debug|x64
		Release|Any CPU = Release|Any CPU
		Release|ARM = Release|ARM
		Release|Mixed Platforms = Release|Mixed Platforms
		Release|Win32 = Release|Win32
		Release|x64 = Release|x64
	EndGlobalSection
	GlobalSection(ProjectConfigurationPlatforms) = postSolution
		{5EF1DA37-FA51-4ACC-A63E-C05F7B60B3FA}.Debug|Any CPU.ActiveCfg = Debug|Any CPU
		{5EF1DA37-FA51-4ACC-A63E-C05F7B60B3FA}.Debug|Any CPU.Build.0 = Debug|Any CPU
		{5EF1DA37-FA51-4ACC-A63E-C05F7B60B3FA}.Debug|ARM.ActiveCfg = Debug|Any CPU
		{5EF1DA37-FA51-4ACC-A63E-C05F7B60B3FA}.Debug|Mixed Platforms.ActiveCfg = Debug|Any CPU
		{5EF1DA37-FA51-4ACC-A63E-C05F7B60B3FA}.Debug|Mixed Platforms.Build.0 = Debug|Any CPU
		{5EF1DA37-FA51-4ACC-A63E-C05F7B60B3FA}.Debug|Win32.ActiveCfg = Debug|Any CPU
		{5EF1DA37-FA51-4ACC-A63E-C05F7B60B3FA}.Debug|x64.ActiveCfg = Debug|Any CPU
		{5EF1DA37-FA51-4ACC-A63E-C05F7B60B3FA}.Release|Any CPU.ActiveCfg = Release|Any CPU
		{5EF1DA37-FA51-4ACC-A63E-C05F7B60B3FA}.Release|Any CPU.Build.0 = Release|Any CPU
		{5EF1DA37-FA51-4ACC-A63E-C05F7B60B3FA}.Release|ARM.ActiveCfg = Release|Any CPU
		{5EF1DA37-FA51-4ACC-A63E-C05F7B60B3FA}.Release|Mixed Platforms.ActiveCfg = Release|Any CPU
		{5EF1DA37-FA51-4ACC-A63E-C05F7B60B3FA}.Release|Mixed Platforms.Build.0 = Release|Any CPU
		{5EF1DA37-FA51-4ACC-A63E-C05F7B60B3FA}.Release|Win32.ActiveCfg = Release|Any CPU
		{5EF1DA37-FA51-4ACC-A63E-C05F7B60B3FA}.Release|Win32.Build.0 = Release|Any CPU
		{5EF1DA37-FA51-4ACC-A63E-C05F7B60B3FA}.Release|x64.ActiveCfg = Release|Any CPU
		{5EF1DA37-FA51-4ACC-A63E-C05F7B60B3FA}.Release|x64.Build.0 = Release|Any CPU
		{2D18BE89-D210-49EB-A9DD-2246FBB3DF6D}.Debug|Any CPU.ActiveCfg = Debug|Any CPU
		{2D18BE89-D210-49EB-A9DD-2246FBB3DF6D}.Debug|Any CPU.Build.0 = Debug|Any CPU
		{2D18BE89-D210-49EB-A9DD-2246FBB3DF6D}.Debug|ARM.ActiveCfg = Debug|Any CPU
		{2D18BE89-D210-49EB-A9DD-2246FBB3DF6D}.Debug|Mixed Platforms.ActiveCfg = Debug|Any CPU
		{2D18BE89-D210-49EB-A9DD-2246FBB3DF6D}.Debug|Mixed Platforms.Build.0 = Debug|Any CPU
		{2D18BE89-D210-49EB-A9DD-2246FBB3DF6D}.Debug|Win32.ActiveCfg = Debug|Any CPU
		{2D18BE89-D210-49EB-A9DD-2246FBB3DF6D}.Debug|x64.ActiveCfg = Debug|Any CPU
		{2D18BE89-D210-49EB-A9DD-2246FBB3DF6D}.Release|Any CPU.ActiveCfg = Release|Any CPU
		{2D18BE89-D210-49EB-A9DD-2246FBB3DF6D}.Release|Any CPU.Build.0 = Release|Any CPU
		{2D18BE89-D210-49EB-A9DD-2246FBB3DF6D}.Release|ARM.ActiveCfg = Release|Any CPU
		{2D18BE89-D210-49EB-A9DD-2246FBB3DF6D}.Release|Mixed Platforms.ActiveCfg = Release|Any CPU
		{2D18BE89-D210-49EB-A9DD-2246FBB3DF6D}.Release|Mixed Platforms.Build.0 = Release|Any CPU
		{2D18BE89-D210-49EB-A9DD-2246FBB3DF6D}.Release|Win32.ActiveCfg = Release|Any CPU
		{2D18BE89-D210-49EB-A9DD-2246FBB3DF6D}.Release|Win32.Build.0 = Release|Any CPU
		{2D18BE89-D210-49EB-A9DD-2246FBB3DF6D}.Release|x64.ActiveCfg = Release|Any CPU
		{2D18BE89-D210-49EB-A9DD-2246FBB3DF6D}.Release|x64.Build.0 = Release|Any CPU
		{1418DA6E-3577-4570-928B-4E58CA48C152}.Debug|Any CPU.ActiveCfg = Debug|Any CPU
		{1418DA6E-3577-4570-928B-4E58CA48C152}.Debug|Any CPU.Build.0 = Debug|Any CPU
		{1418DA6E-3577-4570-928B-4E58CA48C152}.Debug|ARM.ActiveCfg = Debug|Any CPU
		{1418DA6E-3577-4570-928B-4E58CA48C152}.Debug|Mixed Platforms.ActiveCfg = Debug|Any CPU
		{1418DA6E-3577-4570-928B-4E58CA48C152}.Debug|Mixed Platforms.Build.0 = Debug|Any CPU
		{1418DA6E-3577-4570-928B-4E58CA48C152}.Debug|Win32.ActiveCfg = Debug|Any CPU
		{1418DA6E-3577-4570-928B-4E58CA48C152}.Debug|x64.ActiveCfg = Debug|Any CPU
		{1418DA6E-3577-4570-928B-4E58CA48C152}.Release|Any CPU.ActiveCfg = Release|Any CPU
		{1418DA6E-3577-4570-928B-4E58CA48C152}.Release|Any CPU.Build.0 = Release|Any CPU
		{1418DA6E-3577-4570-928B-4E58CA48C152}.Release|ARM.ActiveCfg = Release|Any CPU
		{1418DA6E-3577-4570-928B-4E58CA48C152}.Release|Mixed Platforms.ActiveCfg = Release|Any CPU
		{1418DA6E-3577-4570-928B-4E58CA48C152}.Release|Mixed Platforms.Build.0 = Release|Any CPU
		{1418DA6E-3577-4570-928B-4E58CA48C152}.Release|Win32.ActiveCfg = Release|Any CPU
		{1418DA6E-3577-4570-928B-4E58CA48C152}.Release|Win32.Build.0 = Release|Any CPU
		{1418DA6E-3577-4570-928B-4E58CA48C152}.Release|x64.ActiveCfg = Release|Any CPU
		{1418DA6E-3577-4570-928B-4E58CA48C152}.Release|x64.Build.0 = Release|Any CPU
		{3AD3ECAB-3DF5-4CE4-9F8F-801C72E7D0DB}.Debug|Any CPU.ActiveCfg = Debug|Any CPU
		{3AD3ECAB-3DF5-4CE4-9F8F-801C72E7D0DB}.Debug|Any CPU.Build.0 = Debug|Any CPU
		{3AD3ECAB-3DF5-4CE4-9F8F-801C72E7D0DB}.Debug|ARM.ActiveCfg = Debug|Any CPU
		{3AD3ECAB-3DF5-4CE4-9F8F-801C72E7D0DB}.Debug|Mixed Platforms.ActiveCfg = Debug|Any CPU
		{3AD3ECAB-3DF5-4CE4-9F8F-801C72E7D0DB}.Debug|Mixed Platforms.Build.0 = Debug|Any CPU
		{3AD3ECAB-3DF5-4CE4-9F8F-801C72E7D0DB}.Debug|Win32.ActiveCfg = Debug|Any CPU
		{3AD3ECAB-3DF5-4CE4-9F8F-801C72E7D0DB}.Debug|x64.ActiveCfg = Debug|Any CPU
		{3AD3ECAB-3DF5-4CE4-9F8F-801C72E7D0DB}.Release|Any CPU.ActiveCfg = Release|Any CPU
		{3AD3ECAB-3DF5-4CE4-9F8F-801C72E7D0DB}.Release|Any CPU.Build.0 = Release|Any CPU
		{3AD3ECAB-3DF5-4CE4-9F8F-801C72E7D0DB}.Release|ARM.ActiveCfg = Release|Any CPU
		{3AD3ECAB-3DF5-4CE4-9F8F-801C72E7D0DB}.Release|Mixed Platforms.ActiveCfg = Release|Any CPU
		{3AD3ECAB-3DF5-4CE4-9F8F-801C72E7D0DB}.Release|Mixed Platforms.Build.0 = Release|Any CPU
		{3AD3ECAB-3DF5-4CE4-9F8F-801C72E7D0DB}.Release|Win32.ActiveCfg = Release|Any CPU
		{3AD3ECAB-3DF5-4CE4-9F8F-801C72E7D0DB}.Release|Win32.Build.0 = Release|Any CPU
		{3AD3ECAB-3DF5-4CE4-9F8F-801C72E7D0DB}.Release|x64.ActiveCfg = Release|Any CPU
		{3AD3ECAB-3DF5-4CE4-9F8F-801C72E7D0DB}.Release|x64.Build.0 = Release|Any CPU
		{9BE8F03D-F5AA-4AD4-BC21-2014BC101D93}.Debug|Any CPU.ActiveCfg = Debug|Win32
		{9BE8F03D-F5AA-4AD4-BC21-2014BC101D93}.Debug|Any CPU.Build.0 = Debug|Win32
		{9BE8F03D-F5AA-4AD4-BC21-2014BC101D93}.Debug|ARM.ActiveCfg = Debug|Win32
		{9BE8F03D-F5AA-4AD4-BC21-2014BC101D93}.Debug|Mixed Platforms.ActiveCfg = Debug|Win32
		{9BE8F03D-F5AA-4AD4-BC21-2014BC101D93}.Debug|Mixed Platforms.Build.0 = Debug|Win32
		{9BE8F03D-F5AA-4AD4-BC21-2014BC101D93}.Debug|Win32.ActiveCfg = Debug|Win32
		{9BE8F03D-F5AA-4AD4-BC21-2014BC101D93}.Debug|Win32.Build.0 = Debug|Win32
		{9BE8F03D-F5AA-4AD4-BC21-2014BC101D93}.Debug|x64.ActiveCfg = Debug|Win32
		{9BE8F03D-F5AA-4AD4-BC21-2014BC101D93}.Release|Any CPU.ActiveCfg = Release|x64
		{9BE8F03D-F5AA-4AD4-BC21-2014BC101D93}.Release|Any CPU.Build.0 = Release|x64
		{9BE8F03D-F5AA-4AD4-BC21-2014BC101D93}.Release|ARM.ActiveCfg = Release|Win32
		{9BE8F03D-F5AA-4AD4-BC21-2014BC101D93}.Release|Mixed Platforms.ActiveCfg = Release|Win32
		{9BE8F03D-F5AA-4AD4-BC21-2014BC101D93}.Release|Mixed Platforms.Build.0 = Release|Win32
		{9BE8F03D-F5AA-4AD4-BC21-2014BC101D93}.Release|Win32.ActiveCfg = Release|Win32
		{9BE8F03D-F5AA-4AD4-BC21-2014BC101D93}.Release|Win32.Build.0 = Release|Win32
		{9BE8F03D-F5AA-4AD4-BC21-2014BC101D93}.Release|x64.ActiveCfg = Release|x64
		{9BE8F03D-F5AA-4AD4-BC21-2014BC101D93}.Release|x64.Build.0 = Release|x64
	EndGlobalSection
	GlobalSection(SolutionProperties) = preSolution
		HideSolutionNode = FALSE
	EndGlobalSection
EndGlobal
